
Microsoft Visual Studio Solution File, Format Version 12.00
# Visual Studio Version 16
VisualStudioVersion = 16.0.31702.278
MinimumVisualStudioVersion = 10.0.40219.1
Project("{FAE04EC0-301F-11D3-BF4B-00C04F79EFBC}") = "PeerJS", "PeerJS.csproj", "{D73056D8-FF73-447B-ADF4-111EA12947B6}"
EndProject
Global
	GlobalSection(SolutionConfigurationPlatforms) = preSolution
		Debug|Any CPU = Debug|Any CPU
		Release|Any CPU = Release|Any CPU
	EndGlobalSection
	GlobalSection(ProjectConfigurationPlatforms) = postSolution
		{D73056D8-FF73-447B-ADF4-111EA12947B6}.Debug|Any CPU.ActiveCfg = Debug|Any CPU
		{D73056D8-FF73-447B-ADF4-111EA12947B6}.Debug|Any CPU.Build.0 = Debug|Any CPU
		{D73056D8-FF73-447B-ADF4-111EA12947B6}.Release|Any CPU.ActiveCfg = Release|Any CPU
		{D73056D8-FF73-447B-ADF4-111EA12947B6}.Release|Any CPU.Build.0 = Release|Any CPU
	EndGlobalSection
	GlobalSection(SolutionProperties) = preSolution
		HideSolutionNode = FALSE
	EndGlobalSection
	GlobalSection(ExtensibilityGlobals) = postSolution
		SolutionGuid = {828D2E3A-83D7-49CE-B01B-20B45C6828D7}
	EndGlobalSection
EndGlobal
